// !$*UTF8*$!
{
	archiveVersion = 1;
	classes = {
	};
	objectVersion = 46;
	objects = {

/* Begin PBXBuildFile section */
		F97F0C2F1C1CB51300286BF2 /* AppDelegate.swift in Sources */ = {isa = PBXBuildFile; fileRef = F97F0C2E1C1CB51300286BF2 /* AppDelegate.swift */; };
		F97F0C311C1CB51300286BF2 /* ViewController.swift in Sources */ = {isa = PBXBuildFile; fileRef = F97F0C301C1CB51300286BF2 /* ViewController.swift */; };
		F97F0C341C1CB51300286BF2 /* Main.storyboard in Resources */ = {isa = PBXBuildFile; fileRef = F97F0C321C1CB51300286BF2 /* Main.storyboard */; };
		F97F0C361C1CB51300286BF2 /* Images.xcassets in Resources */ = {isa = PBXBuildFile; fileRef = F97F0C351C1CB51300286BF2 /* Images.xcassets */; };
		F97F0C391C1CB51300286BF2 /* LaunchScreen.xib in Resources */ = {isa = PBXBuildFile; fileRef = F97F0C371C1CB51300286BF2 /* LaunchScreen.xib */; };
		F97F0C451C1CB51300286BF2 /* tipcalcTests.swift in Sources */ = {isa = PBXBuildFile; fileRef = F97F0C441C1CB51300286BF2 /* tipcalcTests.swift */; };
		F97F0C4F1C1CCA7F00286BF2 /* SettingsViewController.swift in Sources */ = {isa = PBXBuildFile; fileRef = F97F0C4E1C1CCA7F00286BF2 /* SettingsViewController.swift */; };
/* End PBXBuildFile section */

/* Begin PBXContainerItemProxy section */
		F97F0C3F1C1CB51300286BF2 /* PBXContainerItemProxy */ = {
			isa = PBXContainerItemProxy;
			containerPortal = F97F0C211C1CB51300286BF2 /* Project object */;
			proxyType = 1;
			remoteGlobalIDString = F97F0C281C1CB51300286BF2;
			remoteInfo = tipcalc;
		};
/* End PBXContainerItemProxy section */

/* Begin PBXFileReference section */
		F97F0C291C1CB51300286BF2 /* tipcalc.app */ = {isa = PBXFileReference; explicitFileType = wrapper.application; includeInIndex = 0; path = tipcalc.app; sourceTree = BUILT_PRODUCTS_DIR; };
		F97F0C2D1C1CB51300286BF2 /* Info.plist */ = {isa = PBXFileReference; lastKnownFileType = text.plist.xml; path = Info.plist; sourceTree = "<group>"; };
		F97F0C2E1C1CB51300286BF2 /* AppDelegate.swift */ = {isa = PBXFileReference; lastKnownFileType = sourcecode.swift; path = AppDelegate.swift; sourceTree = "<group>"; };
		F97F0C301C1CB51300286BF2 /* ViewController.swift */ = {isa = PBXFileReference; lastKnownFileType = sourcecode.swift; path = ViewController.swift; sourceTree = "<group>"; };
		F97F0C331C1CB51300286BF2 /* Base */ = {isa = PBXFileReference; lastKnownFileType = file.storyboard; name = Base; path = Base.lproj/Main.storyboard; sourceTree = "<group>"; };
		F97F0C351C1CB51300286BF2 /* Images.xcassets */ = {isa = PBXFileReference; lastKnownFileType = folder.assetcatalog; path = Images.xcassets; sourceTree = "<group>"; };
		F97F0C381C1CB51300286BF2 /* Base */ = {isa = PBXFileReference; lastKnownFileType = file.xib; name = Base; path = Base.lproj/LaunchScreen.xib; sourceTree = "<group>"; };
		F97F0C3E1C1CB51300286BF2 /* tipcalcTests.xctest */ = {isa = PBXFileReference; explicitFileType = wrapper.cfbundle; includeInIndex = 0; path = tipcalcTests.xctest; sourceTree = BUILT_PRODUCTS_DIR; };
		F97F0C431C1CB51300286BF2 /* Info.plist */ = {isa = PBXFileReference; lastKnownFileType = text.plist.xml; path = Info.plist; sourceTree = "<group>"; };
		F97F0C441C1CB51300286BF2 /* tipcalcTests.swift */ = {isa = PBXFileReference; lastKnownFileType = sourcecode.swift; path = tipcalcTests.swift; sourceTree = "<group>"; };
		F97F0C4E1C1CCA7F00286BF2 /* SettingsViewController.swift */ = {isa = PBXFileReference; fileEncoding = 4; lastKnownFileType = sourcecode.swift; path = SettingsViewController.swift; sourceTree = "<group>"; };
/* End PBXFileReference section */

/* Begin PBXFrameworksBuildPhase section */
		F97F0C261C1CB51300286BF2 /* Frameworks */ = {
			isa = PBXFrameworksBuildPhase;
			buildActionMask = 2147483647;
			files = (
			);
			runOnlyForDeploymentPostprocessing = 0;
		};
		F97F0C3B1C1CB51300286BF2 /* Frameworks */ = {
			isa = PBXFrameworksBuildPhase;
			buildActionMask = 2147483647;
			files = (
			);
			runOnlyForDeploymentPostprocessing = 0;
		};
/* End PBXFrameworksBuildPhase section */

/* Begin PBXGroup section */
		F97F0C201C1CB51300286BF2 = {
			isa = PBXGroup;
			children = (
				F97F0C2B1C1CB51300286BF2 /* tipcalc */,
				F97F0C411C1CB51300286BF2 /* tipcalcTests */,
				F97F0C2A1C1CB51300286BF2 /* Products */,
			);
			sourceTree = "<group>";
		};
		F97F0C2A1C1CB51300286BF2 /* Products */ = {
			isa = PBXGroup;
			children = (
				F97F0C291C1CB51300286BF2 /* tipcalc.app */,
				F97F0C3E1C1CB51300286BF2 /* tipcalcTests.xctest */,
			);
			name = Products;
			sourceTree = "<group>";
		};
		F97F0C2B1C1CB51300286BF2 /* tipcalc */ = {
			isa = PBXGroup;
			children = (
				F97F0C2E1C1CB51300286BF2 /* AppDelegate.swift */,
				F97F0C301C1CB51300286BF2 /* ViewController.swift */,
				F97F0C321C1CB51300286BF2 /* Main.storyboard */,
				F97F0C351C1CB51300286BF2 /* Images.xcassets */,
				F97F0C371C1CB51300286BF2 /* LaunchScreen.xib */,
				F97F0C2C1C1CB51300286BF2 /* Supporting Files */,
			);
			path = tipcalc;
			sourceTree = "<group>";
		};
		F97F0C2C1C1CB51300286BF2 /* Supporting Files */ = {
			isa = PBXGroup;
			children = (
				F97F0C4E1C1CCA7F00286BF2 /* SettingsViewController.swift */,
				F97F0C2D1C1CB51300286BF2 /* Info.plist */,
			);
			name = "Supporting Files";
			sourceTree = "<group>";
		};
		F97F0C411C1CB51300286BF2 /* tipcalcTests */ = {
			isa = PBXGroup;
			children = (
				F97F0C441C1CB51300286BF2 /* tipcalcTests.swift */,
				F97F0C421C1CB51300286BF2 /* Supporting Files */,
			);
			path = tipcalcTests;
			sourceTree = "<group>";
		};
		F97F0C421C1CB51300286BF2 /* Supporting Files */ = {
			isa = PBXGroup;
			children = (
				F97F0C431C1CB51300286BF2 /* Info.plist */,
			);
			name = "Supporting Files";
			sourceTree = "<group>";
		};
/* End PBXGroup section */

/* Begin PBXNativeTarget section */
		F97F0C281C1CB51300286BF2 /* tipcalc */ = {
			isa = PBXNativeTarget;
			buildConfigurationList = F97F0C481C1CB51300286BF2 /* Build configuration list for PBXNativeTarget "tipcalc" */;
			buildPhases = (
				F97F0C251C1CB51300286BF2 /* Sources */,
				F97F0C261C1CB51300286BF2 /* Frameworks */,
				F97F0C271C1CB51300286BF2 /* Resources */,
			);
			buildRules = (
			);
			dependencies = (
			);
			name = tipcalc;
			productName = tipcalc;
			productReference = F97F0C291C1CB51300286BF2 /* tipcalc.app */;
			productType = "com.apple.product-type.application";
		};
		F97F0C3D1C1CB51300286BF2 /* tipcalcTests */ = {
			isa = PBXNativeTarget;
			buildConfigurationList = F97F0C4B1C1CB51300286BF2 /* Build configuration list for PBXNativeTarget "tipcalcTests" */;
			buildPhases = (
				F97F0C3A1C1CB51300286BF2 /* Sources */,
				F97F0C3B1C1CB51300286BF2 /* Frameworks */,
				F97F0C3C1C1CB51300286BF2 /* Resources */,
			);
			buildRules = (
			);
			dependencies = (
				F97F0C401C1CB51300286BF2 /* PBXTargetDependency */,
			);
			name = tipcalcTests;
			productName = tipcalcTests;
			productReference = F97F0C3E1C1CB51300286BF2 /* tipcalcTests.xctest */;
			productType = "com.apple.product-type.bundle.unit-test";
		};
/* End PBXNativeTarget section */

/* Begin PBXProject section */
		F97F0C211C1CB51300286BF2 /* Project object */ = {
			isa = PBXProject;
			attributes = {
				LastUpgradeCheck = 0630;
				ORGANIZATIONNAME = "Gautam,Bishal";
				TargetAttributes = {
					F97F0C281C1CB51300286BF2 = {
						CreatedOnToolsVersion = 6.3.2;
					};
					F97F0C3D1C1CB51300286BF2 = {
						CreatedOnToolsVersion = 6.3.2;
						TestTargetID = F97F0C281C1CB51300286BF2;
					};
				};
			};
			buildConfigurationList = F97F0C241C1CB51300286BF2 /* Build configuration list for PBXProject "tipcalc" */;
			compatibilityVersion = "Xcode 3.2";
			developmentRegion = English;
			hasScannedForEncodings = 0;
			knownRegions = (
				en,
				Base,
			);
			mainGroup = F97F0C201C1CB51300286BF2;
			productRefGroup = F97F0C2A1C1CB51300286BF2 /* Products */;
			projectDirPath = "";
			projectRoot = "";
			targets = (
				F97F0C281C1CB51300286BF2 /* tipcalc */,
				F97F0C3D1C1CB51300286BF2 /* tipcalcTests */,
			);
		};
/* End PBXProject section */

/* Begin PBXResourcesBuildPhase section */
		F97F0C271C1CB51300286BF2 /* Resources */ = {
			isa = PBXResourcesBuildPhase;
			buildActionMask = 2147483647;
			files = (
				F97F0C341C1CB51300286BF2 /* Main.storyboard in Resources */,
				F97F0C391C1CB51300286BF2 /* LaunchScreen.xib in Resources */,
				F97F0C361C1CB51300286BF2 /* Images.xcassets in Resources */,
			);
			runOnlyForDeploymentPostprocessing = 0;
		};
		F97F0C3C1C1CB51300286BF2 /* Resources */ = {
			isa = PBXResourcesBuildPhase;
			buildActionMask = 2147483647;
			files = (
			);
			runOnlyForDeploymentPostprocessing = 0;
		};
/* End PBXResourcesBuildPhase section */

/* Begin PBXSourcesBuildPhase section */
		F97F0C251C1CB51300286BF2 /* Sources */ = {
			isa = PBXSourcesBuildPhase;
			buildActionMask = 2147483647;
			files = (
				F97F0C311C1CB51300286BF2 /* ViewController.swift in Sources */,
				F97F0C2F1C1CB51300286BF2 /* AppDelegate.swift in Sources */,
				F97F0C4F1C1CCA7F00286BF2 /* SettingsViewController.swift in Sources */,
			);
			runOnlyForDeploymentPostprocessing = 0;
		};
		F97F0C3A1C1CB51300286BF2 /* Sources */ = {
			isa = PBXSourcesBuildPhase;
			buildActionMask = 2147483647;
			files = (
				F97F0C451C1CB51300286BF2 /* tipcalcTests.swift in Sources */,
			);
			runOnlyForDeploymentPostprocessing = 0;
		};
/* End PBXSourcesBuildPhase section */

/* Begin PBXTargetDependency section */
		F97F0C401C1CB51300286BF2 /* PBXTargetDependency */ = {
			isa = PBXTargetDependency;
			target = F97F0C281C1CB51300286BF2 /* tipcalc */;
			targetProxy = F97F0C3F1C1CB51300286BF2 /* PBXContainerItemProxy */;
		};
/* End PBXTargetDependency section */

/* Begin PBXVariantGroup section */
		F97F0C321C1CB51300286BF2 /* Main.storyboard */ = {
			isa = PBXVariantGroup;
			children = (
				F97F0C331C1CB51300286BF2 /* Base */,
			);
			name = Main.storyboard;
			sourceTree = "<group>";
		};
		F97F0C371C1CB51300286BF2 /* LaunchScreen.xib */ = {
			isa = PBXVariantGroup;
			children = (
				F97F0C381C1CB51300286BF2 /* Base */,
			);
			name = LaunchScreen.xib;
			sourceTree = "<group>";
		};
/* End PBXVariantGroup section */

/* Begin XCBuildConfiguration section */
		F97F0C461C1CB51300286BF2 /* Debug */ = {
			isa = XCBuildConfiguration;
			buildSettings = {
				ALWAYS_SEARCH_USER_PATHS = NO;
				CLANG_CXX_LANGUAGE_STANDARD = "gnu++0x";
				CLANG_CXX_LIBRARY = "libc++";
				CLANG_ENABLE_MODULES = YES;
				CLANG_ENABLE_OBJC_ARC = YES;
				CLANG_WARN_BOOL_CONVERSION = YES;
				CLANG_WARN_CONSTANT_CONVERSION = YES;
				CLANG_WARN_DIRECT_OBJC_ISA_USAGE = YES_ERROR;
				CLANG_WARN_EMPTY_BODY = YES;
				CLANG_WARN_ENUM_CONVERSION = YES;
				CLANG_WARN_INT_CONVERSION = YES;
				CLANG_WARN_OBJC_ROOT_CLASS = YES_ERROR;
				CLANG_WARN_UNREACHABLE_CODE = YES;
				CLANG_WARN__DUPLICATE_METHOD_MATCH = YES;
				"CODE_SIGN_IDENTITY[sdk=iphoneos*]" = "iPhone Developer";
				COPY_PHASE_STRIP = NO;
				DEBUG_INFORMATION_FORMAT = "dwarf-with-dsym";
				ENABLE_STRICT_OBJC_MSGSEND = YES;
				GCC_C_LANGUAGE_STANDARD = gnu99;
				GCC_DYNAMIC_NO_PIC = NO;
				GCC_NO_COMMON_BLOCKS = YES;
				GCC_OPTIMIZATION_LEVEL = 0;
				GCC_PREPROCESSOR_DEFINITIONS = (
					"DEBUG=1",
					"$(inherited)",
				);
				GCC_SYMBOLS_PRIVATE_EXTERN = NO;
				GCC_WARN_64_TO_32_BIT_CONVERSION = YES;
				GCC_WARN_ABOUT_RETURN_TYPE = YES_ERROR;
				GCC_WARN_UNDECLARED_SELECTOR = YES;
				GCC_WARN_UNINITIALIZED_AUTOS = YES_AGGRESSIVE;
				GCC_WARN_UNUSED_FUNCTION = YES;
				GCC_WARN_UNUSED_VARIABLE = YES;
				IPHONEOS_DEPLOYMENT_TARGET = 8.3;
				MTL_ENABLE_DEBUG_INFO = YES;
				ONLY_ACTIVE_ARCH = YES;
				SDKROOT = iphoneos;
				SWIFT_OPTIMIZATION_LEVEL = "-Onone";
			};
			name = Debug;
		};
		F97F0C471C1CB51300286BF2 /* Release */ = {
			isa = XCBuildConfiguration;
			buildSettings = {
				ALWAYS_SEARCH_USER_PATHS = NO;
				CLANG_CXX_LANGUAGE_STANDARD = "gnu++0x";
				CLANG_CXX_LIBRARY = "libc++";
				CLANG_ENABLE_MODULES = YES;
				CLANG_ENABLE_OBJC_ARC = YES;
				CLANG_WARN_BOOL_CONVERSION = YES;
				CLANG_WARN_CONSTANT_CONVERSION = YES;
				CLANG_WARN_DIRECT_OBJC_ISA_USAGE = YES_ERROR;
				CLANG_WARN_EMPTY_BODY = YES;
				CLANG_WARN_ENUM_CONVERSION = YES;
				CLANG_WARN_INT_CONVERSION = YES;
				CLANG_WARN_OBJC_ROOT_CLASS = YES_ERROR;
				CLANG_WARN_UNREACHABLE_CODE = YES;
				CLANG_WARN__DUPLICATE_METHOD_MATCH = YES;
				"CODE_SIGN_IDENTITY[sdk=iphoneos*]" = "iPhone Developer";
				COPY_PHASE_STRIP = NO;
				DEBUG_INFORMATION_FORMAT = "dwarf-with-dsym";
				ENABLE_NS_ASSERTIONS = NO;
				ENABLE_STRICT_OBJC_MSGSEND = YES;
				GCC_C_LANGUAGE_STANDARD = gnu99;
				GCC_NO_COMMON_BLOCKS = YES;
				GCC_WARN_64_TO_32_BIT_CONVERSION = YES;
				GCC_WARN_ABOUT_RETURN_TYPE = YES_ERROR;
				GCC_WARN_UNDECLARED_SELECTOR = YES;
				GCC_WARN_UNINITIALIZED_AUTOS = YES_AGGRESSIVE;
				GCC_WARN_UNUSED_FUNCTION = YES;
				GCC_WARN_UNUSED_VARIABLE = YES;
				IPHONEOS_DEPLOYMENT_TARGET = 8.3;
				MTL_ENABLE_DEBUG_INFO = NO;
				SDKROOT = iphoneos;
				VALIDATE_PRODUCT = YES;
			};
			name = Release;
		};
		F97F0C491C1CB51300286BF2 /* Debug */ = {
			isa = XCBuildConfiguration;
			buildSettings = {
				ASSETCATALOG_COMPILER_APPICON_NAME = AppIcon;
				INFOPLIST_FILE = tipcalc/Info.plist;
				IPHONEOS_DEPLOYMENT_TARGET = 7.0;
				LD_RUNPATH_SEARCH_PATHS = "$(inherited) @executable_path/Frameworks";
				PRODUCT_NAME = "$(TARGET_NAME)";
			};
			name = Debug;
		};
		F97F0C4A1C1CB51300286BF2 /* Release */ = {
			isa = XCBuildConfiguration;
			buildSettings = {
				ASSETCATALOG_COMPILER_APPICON_NAME = AppIcon;
				INFOPLIST_FILE = tipcalc/Info.plist;
				IPHONEOS_DEPLOYMENT_TARGET = 7.0;
				LD_RUNPATH_SEARCH_PATHS = "$(inherited) @executable_path/Frameworks";
				PRODUCT_NAME = "$(TARGET_NAME)";
			};
			name = Release;
		};
		F97F0C4C1C1CB51300286BF2 /* Debug */ = {
			isa = XCBuildConfiguration;
			buildSettings = {
				BUNDLE_LOADER = "$(TEST_HOST)";
				FRAMEWORK_SEARCH_PATHS = (
					"$(SDKROOT)/Developer/Library/Frameworks",
					"$(inherited)",
				);
				GCC_PREPROCESSOR_DEFINITIONS = (
					"DEBUG=1",
					"$(inherited)",
				);
				INFOPLIST_FILE = tipcalcTests/Info.plist;
				LD_RUNPATH_SEARCH_PATHS = "$(inherited) @executable_path/Frameworks @loader_path/Frameworks";
				PRODUCT_NAME = "$(TARGET_NAME)";
				TEST_HOST = "$(BUILT_PRODUCTS_DIR)/tipcalc.app/tipcalc";
			};
			name = Debug;
		};
		F97F0C4D1C1CB51300286BF2 /* Release */ = {
			isa = XCBuildConfiguration;
			buildSettings = {
				BUNDLE_LOADER = "$(TEST_HOST)";
				FRAMEWORK_SEARCH_PATHS = (
					"$(SDKROOT)/Developer/Library/Frameworks",
					"$(inherited)",
				);
				INFOPLIST_FILE = tipcalcTests/Info.plist;
				LD_RUNPATH_SEARCH_PATHS = "$(inherited) @executable_path/Frameworks @loader_path/Frameworks";
				PRODUCT_NAME = "$(TARGET_NAME)";
				TEST_HOST = "$(BUILT_PRODUCTS_DIR)/tipcalc.app/tipcalc";
			};
			name = Release;
		};
/* End XCBuildConfiguration section */

/* Begin XCConfigurationList section */
		F97F0C241C1CB51300286BF2 /* Build configuration list for PBXProject "tipcalc" */ = {
			isa = XCConfigurationList;
			buildConfigurations = (
				F97F0C461C1CB51300286BF2 /* Debug */,
				F97F0C471C1CB51300286BF2 /* Release */,
			);
			defaultConfigurationIsVisible = 0;
			defaultConfigurationName = Release;
		};
		F97F0C481C1CB51300286BF2 /* Build configuration list for PBXNativeTarget "tipcalc" */ = {
			isa = XCConfigurationList;
			buildConfigurations = (
				F97F0C491C1CB51300286BF2 /* Debug */,
				F97F0C4A1C1CB51300286BF2 /* Release */,
			);
			defaultConfigurationIsVisible = 0;
		};
		F97F0C4B1C1CB51300286BF2 /* Build configuration list for PBXNativeTarget "tipcalcTests" */ = {
			isa = XCConfigurationList;
			buildConfigurations = (
				F97F0C4C1C1CB51300286BF2 /* Debug */,
				F97F0C4D1C1CB51300286BF2 /* Release */,
			);
			defaultConfigurationIsVisible = 0;
		};
/* End XCConfigurationList section */
	};
	rootObject = F97F0C211C1CB51300286BF2 /* Project object */;
}
